{
  "requires": true,
  "lockfileVersion": 1,
  "dependencies": {
    "vee-validate": {
      "version": "2.1.0-beta.8",
      "resolved": "https://registry.npmjs.org/vee-validate/-/vee-validate-2.1.0-beta.8.tgz",
      "integrity": "sha512-kebM06EKj0VYvkX5wa7iD2alZIBPEHrIcNtMf3GdGQ+fvaG5FeSC5vXQxXRmmAPdDIoeOxyjAKqLZZvU5cy0RQ=="
    }
  }
}
